{
  "requires": true,
  "lockfileVersion": 1,
  "dependencies": {
    "downloadjs": {
      "version": "1.4.7",
      "resolved": "https://registry.npmjs.org/downloadjs/-/downloadjs-1.4.7.tgz",
      "integrity": "sha1-9p+W+UDg0FU9rCkROYZaPNAQHjw="
    },
    "inputmask-core": {
      "version": "2.2.0",
      "resolved": "https://registry.npmjs.org/inputmask-core/-/inputmask-core-2.2.0.tgz",
      "integrity": "sha1-eadffzpNMxKulf0rVaI2anyR37o="
    },
    "js-tokens": {
      "version": "3.0.2",
      "resolved": "https://registry.npmjs.org/js-tokens/-/js-tokens-3.0.2.tgz",
      "integrity": "sha1-mGbfOVECEw449/mWvOtlRDIJwls="
    },
    "json-stringify-safe": {
      "version": "5.0.1",
      "resolved": "https://registry.npmjs.org/json-stringify-safe/-/json-stringify-safe-5.0.1.tgz",
      "integrity": "sha1-Epai1Y/UXxmg9s4B1lcB4sc1tus="
    },
    "loose-envify": {
      "version": "1.3.1",
      "resolved": "https://registry.npmjs.org/loose-envify/-/loose-envify-1.3.1.tgz",
      "integrity": "sha1-0aitM/qc4OcT1l/dCsi3SNR4yEg=",
      "requires": {
        "js-tokens": "^3.0.0"
      }
    },
    "print-js": {
      "version": "1.0.61",
      "resolved": "https://registry.npmjs.org/print-js/-/print-js-1.0.61.tgz",
      "integrity": "sha512-H/GhVZMroI7qqXH+6LrtFacLOcapRIUrcJD4F4BONZFTk6VtmGC2dqQydzW4RYJpfsCxNUg2Tyi7A46zKC3wmQ=="
    },
    "random-seed": {
      "version": "0.3.0",
      "resolved": "https://registry.npmjs.org/random-seed/-/random-seed-0.3.0.tgz",
      "integrity": "sha1-2UXy4fOPSejViRNDG4v2u5N1Vs0=",
      "requires": {
        "json-stringify-safe": "^5.0.1"
      }
    },
    "vue": {
      "version": "2.5.13",
      "resolved": "https://registry.npmjs.org/vue/-/vue-2.5.13.tgz",
      "integrity": "sha512-3D+lY7HTkKbtswDM4BBHgqyq+qo8IAEE8lz8va1dz3LLmttjgo0FxairO4r1iN2OBqk8o1FyL4hvzzTFEdQSEw=="
    },
    "vue-focus": {
      "version": "2.1.0",
      "resolved": "https://registry.npmjs.org/vue-focus/-/vue-focus-2.1.0.tgz",
      "integrity": "sha1-egM3zpB01e8D0VpLW4Ys9F5eBOM=",
      "requires": {
        "loose-envify": "^1.2.0"
      }
    },
    "vue-masked-input": {
      "version": "0.5.2",
      "resolved": "https://registry.npmjs.org/vue-masked-input/-/vue-masked-input-0.5.2.tgz",
      "integrity": "sha1-tH9k6jjkE3gYKRixkoBmVpt1BPQ=",
      "requires": {
        "inputmask-core": "^2.2.0",
        "vue": "^2.2.6"
      }
    },
    "vue-text-mask": {
      "version": "6.0.0",
      "resolved": "https://registry.npmjs.org/vue-text-mask/-/vue-text-mask-6.0.0.tgz",
      "integrity": "sha512-e3E42X6LPxd1Z/jjiBzqYM51dxTwj44C94kAtyXh4W04+T89y1abnIcaYENwRqi0BDpA/ndmNXe6GzK0WFekjQ=="
    }
  }
}
