
Microsoft Visual Studio Solution File, Format Version 12.00
# Visual Studio Version 16
VisualStudioVersion = 16.0.30320.27
MinimumVisualStudioVersion = 10.0.40219.1
Project("{9A19103F-16F7-4668-BE54-9A1E7A4F7556}") = "PersonnelManagement", "PersonnelManagement\PersonnelManagement.csproj", "{03B5F797-FA7E-4D68-BD67-2001574B0E5B}"
EndProject
Global
	GlobalSection(SolutionConfigurationPlatforms) = preSolution
		Debug|Any CPU = Debug|Any CPU
		Release|Any CPU = Release|Any CPU
	EndGlobalSection
	GlobalSection(ProjectConfigurationPlatforms) = postSolution
		{03B5F797-FA7E-4D68-BD67-2001574B0E5B}.Debug|Any CPU.ActiveCfg = Debug|Any CPU
		{03B5F797-FA7E-4D68-BD67-2001574B0E5B}.Debug|Any CPU.Build.0 = Debug|Any CPU
		{03B5F797-FA7E-4D68-BD67-2001574B0E5B}.Release|Any CPU.ActiveCfg = Debug|Any CPU
		{03B5F797-FA7E-4D68-BD67-2001574B0E5B}.Release|Any CPU.Build.0 = Debug|Any CPU
	EndGlobalSection
	GlobalSection(SolutionProperties) = preSolution
		HideSolutionNode = FALSE
	EndGlobalSection
	GlobalSection(ExtensibilityGlobals) = postSolution
		SolutionGuid = {97984147-1F1E-435B-ACFF-A47D20A307E6}
	EndGlobalSection
EndGlobal
